
Microsoft Visual Studio Solution File, Format Version 12.00
# Visual Studio Version 17
VisualStudioVersion = 17.5.33502.453
MinimumVisualStudioVersion = 10.0.40219.1
Project("{FAE04EC0-301F-11D3-BF4B-00C04F79EFBC}") = "Vista", "Vista\Vista.csproj", "{10173FF4-7A83-4CD0-BCBE-47C8B39197A7}"
EndProject
Project("{FAE04EC0-301F-11D3-BF4B-00C04F79EFBC}") = "Negocio", "Negocio\Negocio.csproj", "{3BACF0C1-F993-4D9E-919A-1B9283BB8261}"
EndProject
Project("{FAE04EC0-301F-11D3-BF4B-00C04F79EFBC}") = "Dominio", "Dominio\Dominio.csproj", "{3285A20E-8701-4355-A4A6-79310760EEFD}"
EndProject
Global
	GlobalSection(SolutionConfigurationPlatforms) = preSolution
		Debug|Any CPU = Debug|Any CPU
		Release|Any CPU = Release|Any CPU
	EndGlobalSection
	GlobalSection(ProjectConfigurationPlatforms) = postSolution
		{10173FF4-7A83-4CD0-BCBE-47C8B39197A7}.Debug|Any CPU.ActiveCfg = Debug|Any CPU
		{10173FF4-7A83-4CD0-BCBE-47C8B39197A7}.Debug|Any CPU.Build.0 = Debug|Any CPU
		{10173FF4-7A83-4CD0-BCBE-47C8B39197A7}.Release|Any CPU.ActiveCfg = Release|Any CPU
		{10173FF4-7A83-4CD0-BCBE-47C8B39197A7}.Release|Any CPU.Build.0 = Release|Any CPU
		{3BACF0C1-F993-4D9E-919A-1B9283BB8261}.Debug|Any CPU.ActiveCfg = Debug|Any CPU
		{3BACF0C1-F993-4D9E-919A-1B9283BB8261}.Debug|Any CPU.Build.0 = Debug|Any CPU
		{3BACF0C1-F993-4D9E-919A-1B9283BB8261}.Release|Any CPU.ActiveCfg = Release|Any CPU
		{3BACF0C1-F993-4D9E-919A-1B9283BB8261}.Release|Any CPU.Build.0 = Release|Any CPU
		{3285A20E-8701-4355-A4A6-79310760EEFD}.Debug|Any CPU.ActiveCfg = Debug|Any CPU
		{3285A20E-8701-4355-A4A6-79310760EEFD}.Debug|Any CPU.Build.0 = Debug|Any CPU
		{3285A20E-8701-4355-A4A6-79310760EEFD}.Release|Any CPU.ActiveCfg = Release|Any CPU
		{3285A20E-8701-4355-A4A6-79310760EEFD}.Release|Any CPU.Build.0 = Release|Any CPU
	EndGlobalSection
	GlobalSection(SolutionProperties) = preSolution
		HideSolutionNode = FALSE
	EndGlobalSection
	GlobalSection(ExtensibilityGlobals) = postSolution
		SolutionGuid = {448B5FB8-BE3F-493A-8FF9-BF7DBEB5B266}
	EndGlobalSection
EndGlobal
